# frozen_string_literal: false

source "https://rubygems.org"
ruby "2.4.3"
# gem "rails"


gem"discordrb"
gem"discordrb-webhooks"
gem"event_emitter"
gem"ffi"
gem"http-cookie"
gem"io-console"
gem"json"
gem"mime-types"
gem"mime-types-data"
gem"minitest"
gem"net-telnet"
gem"netrc"
gem"opus-ruby"
gem"rake"
gem"rbnacl"
gem"rdoc"
gem"rest-client"
gem"test-unit"
gem"unf"
gem"unf_ext"
gem"websocket"
gem"websocket-client-simple"
gem"xmlrpc"
